// !$*UTF8*$!
{
	archiveVersion = 1;
	classes = {
	};
	objectVersion = 50;
	objects = {

/* Begin PBXBuildFile section */
		6880B1D725F6A05B00EE521D /* sound-rise.mp3 in Resources */ = {isa = PBXBuildFile; fileRef = 6880B1D425F6A05B00EE521D /* sound-rise.mp3 */; };
		6880B1D825F6A05B00EE521D /* sound-ding.mp3 in Resources */ = {isa = PBXBuildFile; fileRef = 6880B1D525F6A05B00EE521D /* sound-ding.mp3 */; };
		6880B1D925F6A05B00EE521D /* sound-tap.mp3 in Resources */ = {isa = PBXBuildFile; fileRef = 6880B1D625F6A05B00EE521D /* sound-tap.mp3 */; };
		6880B1E525F7EF4200EE521D /* HideKeyboardExtension.swift in Sources */ = {isa = PBXBuildFile; fileRef = 6880B1E425F7EF4200EE521D /* HideKeyboardExtension.swift */; };
		68A71C4D26058AA00083F401 /* Constant.swift in Sources */ = {isa = PBXBuildFile; fileRef = 68A71C4C26058AA00083F401 /* Constant.swift */; };
		68A71C5126058B270083F401 /* CheckboxStyle.swift in Sources */ = {isa = PBXBuildFile; fileRef = 68A71C5026058B270083F401 /* CheckboxStyle.swift */; };
		68A71C5526058BBA0083F401 /* BackgroundImageView.swift in Sources */ = {isa = PBXBuildFile; fileRef = 68A71C5426058BBA0083F401 /* BackgroundImageView.swift */; };
		68A71C5926058BEA0083F401 /* BlankView.swift in Sources */ = {isa = PBXBuildFile; fileRef = 68A71C5826058BEA0083F401 /* BlankView.swift */; };
		68A71C5D26058C040083F401 /* ListRowItemView.swift in Sources */ = {isa = PBXBuildFile; fileRef = 68A71C5C26058C040083F401 /* ListRowItemView.swift */; };
		68A71C6126058C0D0083F401 /* NewTaskItemView.swift in Sources */ = {isa = PBXBuildFile; fileRef = 68A71C6026058C0D0083F401 /* NewTaskItemView.swift */; };
		68DDB0A3261953E200BC9D82 /* WidgetKit.framework in Frameworks */ = {isa = PBXBuildFile; fileRef = 68F1342D25E04B9A00BECDA9 /* WidgetKit.framework */; };
		68DDB0A4261953E200BC9D82 /* SwiftUI.framework in Frameworks */ = {isa = PBXBuildFile; fileRef = 68F1342F25E04B9A00BECDA9 /* SwiftUI.framework */; };
		68DDB0A7261953E200BC9D82 /* DevoteWidget.swift in Sources */ = {isa = PBXBuildFile; fileRef = 68DDB0A6261953E200BC9D82 /* DevoteWidget.swift */; };
		68DDB0A9261953E600BC9D82 /* Assets.xcassets in Resources */ = {isa = PBXBuildFile; fileRef = 68DDB0A8261953E600BC9D82 /* Assets.xcassets */; };
		68DDB0AD261953E600BC9D82 /* DevoteWidgetExtension.appex in Embed App Extensions */ = {isa = PBXBuildFile; fileRef = 68DDB0A2261953E200BC9D82 /* DevoteWidgetExtension.appex */; settings = {ATTRIBUTES = (RemoveHeadersOnCopy, ); }; };
		68DDB0B3261955C300BC9D82 /* Assets.xcassets in Resources */ = {isa = PBXBuildFile; fileRef = 68F1341325E04AB100BECDA9 /* Assets.xcassets */; };
		68DDB0B62619568700BC9D82 /* Constant.swift in Sources */ = {isa = PBXBuildFile; fileRef = 68A71C4C26058AA00083F401 /* Constant.swift */; };
		68E57417260BA6DD00F74760 /* SoundPlayer.swift in Sources */ = {isa = PBXBuildFile; fileRef = 68E57416260BA6DD00F74760 /* SoundPlayer.swift */; };
		68F1341025E04AAB00BECDA9 /* DevoteApp.swift in Sources */ = {isa = PBXBuildFile; fileRef = 68F1340F25E04AAB00BECDA9 /* DevoteApp.swift */; };
		68F1341225E04AAB00BECDA9 /* ContentView.swift in Sources */ = {isa = PBXBuildFile; fileRef = 68F1341125E04AAB00BECDA9 /* ContentView.swift */; };
		68F1341425E04AB100BECDA9 /* Assets.xcassets in Resources */ = {isa = PBXBuildFile; fileRef = 68F1341325E04AB100BECDA9 /* Assets.xcassets */; };
		68F1341725E04AB100BECDA9 /* Preview Assets.xcassets in Resources */ = {isa = PBXBuildFile; fileRef = 68F1341625E04AB100BECDA9 /* Preview Assets.xcassets */; };
		68F1341925E04AB100BECDA9 /* Persistence.swift in Sources */ = {isa = PBXBuildFile; fileRef = 68F1341825E04AB100BECDA9 /* Persistence.swift */; };
		68F1341C25E04AB100BECDA9 /* Devote.xcdatamodeld in Sources */ = {isa = PBXBuildFile; fileRef = 68F1341A25E04AB100BECDA9 /* Devote.xcdatamodeld */; };
/* End PBXBuildFile section */

/* Begin PBXContainerItemProxy section */
		68DDB0AB261953E600BC9D82 /* PBXContainerItemProxy */ = {
			isa = PBXContainerItemProxy;
			containerPortal = 68F1340425E04AAB00BECDA9 /* Project object */;
			proxyType = 1;
			remoteGlobalIDString = 68DDB0A1261953E200BC9D82;
			remoteInfo = DevoteWidgetExtension;
		};
/* End PBXContainerItemProxy section */

/* Begin PBXCopyFilesBuildPhase section */
		68F1344025E04B9D00BECDA9 /* Embed App Extensions */ = {
			isa = PBXCopyFilesBuildPhase;
			buildActionMask = 2147483647;
			dstPath = "";
			dstSubfolderSpec = 13;
			files = (
				68DDB0AD261953E600BC9D82 /* DevoteWidgetExtension.appex in Embed App Extensions */,
			);
			name = "Embed App Extensions";
			runOnlyForDeploymentPostprocessing = 0;
		};
/* End PBXCopyFilesBuildPhase section */

/* Begin PBXFileReference section */
		6880B1D425F6A05B00EE521D /* sound-rise.mp3 */ = {isa = PBXFileReference; lastKnownFileType = audio.mp3; path = "sound-rise.mp3"; sourceTree = "<group>"; };
		6880B1D525F6A05B00EE521D /* sound-ding.mp3 */ = {isa = PBXFileReference; lastKnownFileType = audio.mp3; path = "sound-ding.mp3"; sourceTree = "<group>"; };
		6880B1D625F6A05B00EE521D /* sound-tap.mp3 */ = {isa = PBXFileReference; lastKnownFileType = audio.mp3; path = "sound-tap.mp3"; sourceTree = "<group>"; };
		6880B1E425F7EF4200EE521D /* HideKeyboardExtension.swift */ = {isa = PBXFileReference; lastKnownFileType = sourcecode.swift; path = HideKeyboardExtension.swift; sourceTree = "<group>"; };
		68A71C4C26058AA00083F401 /* Constant.swift */ = {isa = PBXFileReference; lastKnownFileType = sourcecode.swift; path = Constant.swift; sourceTree = "<group>"; };
		68A71C5026058B270083F401 /* CheckboxStyle.swift */ = {isa = PBXFileReference; lastKnownFileType = sourcecode.swift; path = CheckboxStyle.swift; sourceTree = "<group>"; };
		68A71C5426058BBA0083F401 /* BackgroundImageView.swift */ = {isa = PBXFileReference; lastKnownFileType = sourcecode.swift; path = BackgroundImageView.swift; sourceTree = "<group>"; };
		68A71C5826058BEA0083F401 /* BlankView.swift */ = {isa = PBXFileReference; lastKnownFileType = sourcecode.swift; path = BlankView.swift; sourceTree = "<group>"; };
		68A71C5C26058C040083F401 /* ListRowItemView.swift */ = {isa = PBXFileReference; lastKnownFileType = sourcecode.swift; path = ListRowItemView.swift; sourceTree = "<group>"; };
		68A71C6026058C0D0083F401 /* NewTaskItemView.swift */ = {isa = PBXFileReference; lastKnownFileType = sourcecode.swift; path = NewTaskItemView.swift; sourceTree = "<group>"; };
		68DDB0A2261953E200BC9D82 /* DevoteWidgetExtension.appex */ = {isa = PBXFileReference; explicitFileType = "wrapper.app-extension"; includeInIndex = 0; path = DevoteWidgetExtension.appex; sourceTree = BUILT_PRODUCTS_DIR; };
		68DDB0A6261953E200BC9D82 /* DevoteWidget.swift */ = {isa = PBXFileReference; lastKnownFileType = sourcecode.swift; path = DevoteWidget.swift; sourceTree = "<group>"; };
		68DDB0A8261953E600BC9D82 /* Assets.xcassets */ = {isa = PBXFileReference; lastKnownFileType = folder.assetcatalog; path = Assets.xcassets; sourceTree = "<group>"; };
		68DDB0AA261953E600BC9D82 /* Info.plist */ = {isa = PBXFileReference; lastKnownFileType = text.plist.xml; path = Info.plist; sourceTree = "<group>"; };
		68E57416260BA6DD00F74760 /* SoundPlayer.swift */ = {isa = PBXFileReference; lastKnownFileType = sourcecode.swift; path = SoundPlayer.swift; sourceTree = "<group>"; };
		68F1340C25E04AAB00BECDA9 /* Devote.app */ = {isa = PBXFileReference; explicitFileType = wrapper.application; includeInIndex = 0; path = Devote.app; sourceTree = BUILT_PRODUCTS_DIR; };
		68F1340F25E04AAB00BECDA9 /* DevoteApp.swift */ = {isa = PBXFileReference; lastKnownFileType = sourcecode.swift; path = DevoteApp.swift; sourceTree = "<group>"; };
		68F1341125E04AAB00BECDA9 /* ContentView.swift */ = {isa = PBXFileReference; lastKnownFileType = sourcecode.swift; path = ContentView.swift; sourceTree = "<group>"; };
		68F1341325E04AB100BECDA9 /* Assets.xcassets */ = {isa = PBXFileReference; lastKnownFileType = folder.assetcatalog; path = Assets.xcassets; sourceTree = "<group>"; };
		68F1341625E04AB100BECDA9 /* Preview Assets.xcassets */ = {isa = PBXFileReference; lastKnownFileType = folder.assetcatalog; path = "Preview Assets.xcassets"; sourceTree = "<group>"; };
		68F1341825E04AB100BECDA9 /* Persistence.swift */ = {isa = PBXFileReference; lastKnownFileType = sourcecode.swift; path = Persistence.swift; sourceTree = "<group>"; };
		68F1341B25E04AB100BECDA9 /* Devote.xcdatamodel */ = {isa = PBXFileReference; lastKnownFileType = wrapper.xcdatamodel; path = Devote.xcdatamodel; sourceTree = "<group>"; };
		68F1341D25E04AB100BECDA9 /* Info.plist */ = {isa = PBXFileReference; lastKnownFileType = text.plist.xml; path = Info.plist; sourceTree = "<group>"; };
		68F1342D25E04B9A00BECDA9 /* WidgetKit.framework */ = {isa = PBXFileReference; lastKnownFileType = wrapper.framework; name = WidgetKit.framework; path = System/Library/Frameworks/WidgetKit.framework; sourceTree = SDKROOT; };
		68F1342F25E04B9A00BECDA9 /* SwiftUI.framework */ = {isa = PBXFileReference; lastKnownFileType = wrapper.framework; name = SwiftUI.framework; path = System/Library/Frameworks/SwiftUI.framework; sourceTree = SDKROOT; };
/* End PBXFileReference section */

/* Begin PBXFrameworksBuildPhase section */
		68DDB09F261953E200BC9D82 /* Frameworks */ = {
			isa = PBXFrameworksBuildPhase;
			buildActionMask = 2147483647;
			files = (
				68DDB0A4261953E200BC9D82 /* SwiftUI.framework in Frameworks */,
				68DDB0A3261953E200BC9D82 /* WidgetKit.framework in Frameworks */,
			);
			runOnlyForDeploymentPostprocessing = 0;
		};
		68F1340925E04AAB00BECDA9 /* Frameworks */ = {
			isa = PBXFrameworksBuildPhase;
			buildActionMask = 2147483647;
			files = (
			);
			runOnlyForDeploymentPostprocessing = 0;
		};
/* End PBXFrameworksBuildPhase section */

/* Begin PBXGroup section */
		68020C3225FA96680054CBE1 /* Style */ = {
			isa = PBXGroup;
			children = (
				68A71C5026058B270083F401 /* CheckboxStyle.swift */,
			);
			path = Style;
			sourceTree = "<group>";
		};
		68020C3525FA96770054CBE1 /* Utility */ = {
			isa = PBXGroup;
			children = (
				68A71C4C26058AA00083F401 /* Constant.swift */,
				68E57416260BA6DD00F74760 /* SoundPlayer.swift */,
			);
			path = Utility;
			sourceTree = "<group>";
		};
		6880B1D325F6A05B00EE521D /* Sound */ = {
			isa = PBXGroup;
			children = (
				6880B1D425F6A05B00EE521D /* sound-rise.mp3 */,
				6880B1D525F6A05B00EE521D /* sound-ding.mp3 */,
				6880B1D625F6A05B00EE521D /* sound-tap.mp3 */,
			);
			path = Sound;
			sourceTree = "<group>";
		};
		6880B1E325F7EF2A00EE521D /* Extension */ = {
			isa = PBXGroup;
			children = (
				6880B1E425F7EF4200EE521D /* HideKeyboardExtension.swift */,
			);
			path = Extension;
			sourceTree = "<group>";
		};
		68DDB0A5261953E200BC9D82 /* DevoteWidget */ = {
			isa = PBXGroup;
			children = (
				68DDB0A6261953E200BC9D82 /* DevoteWidget.swift */,
				68DDB0A8261953E600BC9D82 /* Assets.xcassets */,
				68DDB0AA261953E600BC9D82 /* Info.plist */,
			);
			path = DevoteWidget;
			sourceTree = "<group>";
		};
		68F1340325E04AAB00BECDA9 = {
			isa = PBXGroup;
			children = (
				68F1340E25E04AAB00BECDA9 /* Devote */,
				68DDB0A5261953E200BC9D82 /* DevoteWidget */,
				68F1342C25E04B9A00BECDA9 /* Frameworks */,
				68F1340D25E04AAB00BECDA9 /* Products */,
			);
			sourceTree = "<group>";
		};
		68F1340D25E04AAB00BECDA9 /* Products */ = {
			isa = PBXGroup;
			children = (
				68F1340C25E04AAB00BECDA9 /* Devote.app */,
				68DDB0A2261953E200BC9D82 /* DevoteWidgetExtension.appex */,
			);
			name = Products;
			sourceTree = "<group>";
		};
		68F1340E25E04AAB00BECDA9 /* Devote */ = {
			isa = PBXGroup;
			children = (
				68F1340F25E04AAB00BECDA9 /* DevoteApp.swift */,
				68F1342425E04B5000BECDA9 /* View */,
				68F1342525E04B7000BECDA9 /* Model */,
				68020C3225FA96680054CBE1 /* Style */,
				68020C3525FA96770054CBE1 /* Utility */,
				6880B1E325F7EF2A00EE521D /* Extension */,
				6880B1D325F6A05B00EE521D /* Sound */,
				68F1341325E04AB100BECDA9 /* Assets.xcassets */,
				68F1341D25E04AB100BECDA9 /* Info.plist */,
				68F1341525E04AB100BECDA9 /* Preview Content */,
			);
			path = Devote;
			sourceTree = "<group>";
		};
		68F1341525E04AB100BECDA9 /* Preview Content */ = {
			isa = PBXGroup;
			children = (
				68F1341625E04AB100BECDA9 /* Preview Assets.xcassets */,
			);
			path = "Preview Content";
			sourceTree = "<group>";
		};
		68F1342425E04B5000BECDA9 /* View */ = {
			isa = PBXGroup;
			children = (
				68F1341125E04AAB00BECDA9 /* ContentView.swift */,
				68A71C5426058BBA0083F401 /* BackgroundImageView.swift */,
				68A71C5826058BEA0083F401 /* BlankView.swift */,
				68A71C5C26058C040083F401 /* ListRowItemView.swift */,
				68A71C6026058C0D0083F401 /* NewTaskItemView.swift */,
			);
			path = View;
			sourceTree = "<group>";
		};
		68F1342525E04B7000BECDA9 /* Model */ = {
			isa = PBXGroup;
			children = (
				68F1341825E04AB100BECDA9 /* Persistence.swift */,
				68F1341A25E04AB100BECDA9 /* Devote.xcdatamodeld */,
			);
			path = Model;
			sourceTree = "<group>";
		};
		68F1342C25E04B9A00BECDA9 /* Frameworks */ = {
			isa = PBXGroup;
			children = (
				68F1342D25E04B9A00BECDA9 /* WidgetKit.framework */,
				68F1342F25E04B9A00BECDA9 /* SwiftUI.framework */,
			);
			name = Frameworks;
			sourceTree = "<group>";
		};
/* End PBXGroup section */

/* Begin PBXNativeTarget section */
		68DDB0A1261953E200BC9D82 /* DevoteWidgetExtension */ = {
			isa = PBXNativeTarget;
			buildConfigurationList = 68DDB0AE261953E600BC9D82 /* Build configuration list for PBXNativeTarget "DevoteWidgetExtension" */;
			buildPhases = (
				68DDB09E261953E200BC9D82 /* Sources */,
				68DDB09F261953E200BC9D82 /* Frameworks */,
				68DDB0A0261953E200BC9D82 /* Resources */,
			);
			buildRules = (
			);
			dependencies = (
			);
			name = DevoteWidgetExtension;
			productName = DevoteWidgetExtension;
			productReference = 68DDB0A2261953E200BC9D82 /* DevoteWidgetExtension.appex */;
			productType = "com.apple.product-type.app-extension";
		};
		68F1340B25E04AAB00BECDA9 /* Devote */ = {
			isa = PBXNativeTarget;
			buildConfigurationList = 68F1342025E04AB100BECDA9 /* Build configuration list for PBXNativeTarget "Devote" */;
			buildPhases = (
				68F1340825E04AAB00BECDA9 /* Sources */,
				68F1340925E04AAB00BECDA9 /* Frameworks */,
				68F1340A25E04AAB00BECDA9 /* Resources */,
				68F1344025E04B9D00BECDA9 /* Embed App Extensions */,
			);
			buildRules = (
			);
			dependencies = (
				68DDB0AC261953E600BC9D82 /* PBXTargetDependency */,
			);
			name = Devote;
			productName = Devote;
			productReference = 68F1340C25E04AAB00BECDA9 /* Devote.app */;
			productType = "com.apple.product-type.application";
		};
/* End PBXNativeTarget section */

/* Begin PBXProject section */
		68F1340425E04AAB00BECDA9 /* Project object */ = {
			isa = PBXProject;
			attributes = {
				LastSwiftUpdateCheck = 1240;
				LastUpgradeCheck = 1240;
				TargetAttributes = {
					68DDB0A1261953E200BC9D82 = {
						CreatedOnToolsVersion = 12.4;
					};
					68F1340B25E04AAB00BECDA9 = {
						CreatedOnToolsVersion = 12.4;
					};
				};
			};
			buildConfigurationList = 68F1340725E04AAB00BECDA9 /* Build configuration list for PBXProject "Devote" */;
			compatibilityVersion = "Xcode 9.3";
			developmentRegion = en;
			hasScannedForEncodings = 0;
			knownRegions = (
				en,
				Base,
			);
			mainGroup = 68F1340325E04AAB00BECDA9;
			productRefGroup = 68F1340D25E04AAB00BECDA9 /* Products */;
			projectDirPath = "";
			projectRoot = "";
			targets = (
				68F1340B25E04AAB00BECDA9 /* Devote */,
				68DDB0A1261953E200BC9D82 /* DevoteWidgetExtension */,
			);
		};
/* End PBXProject section */

/* Begin PBXResourcesBuildPhase section */
		68DDB0A0261953E200BC9D82 /* Resources */ = {
			isa = PBXResourcesBuildPhase;
			buildActionMask = 2147483647;
			files = (
				68DDB0B3261955C300BC9D82 /* Assets.xcassets in Resources */,
				68DDB0A9261953E600BC9D82 /* Assets.xcassets in Resources */,
			);
			runOnlyForDeploymentPostprocessing = 0;
		};
		68F1340A25E04AAB00BECDA9 /* Resources */ = {
			isa = PBXResourcesBuildPhase;
			buildActionMask = 2147483647;
			files = (
				6880B1D825F6A05B00EE521D /* sound-ding.mp3 in Resources */,
				6880B1D725F6A05B00EE521D /* sound-rise.mp3 in Resources */,
				68F1341725E04AB100BECDA9 /* Preview Assets.xcassets in Resources */,
				6880B1D925F6A05B00EE521D /* sound-tap.mp3 in Resources */,
				68F1341425E04AB100BECDA9 /* Assets.xcassets in Resources */,
			);
			runOnlyForDeploymentPostprocessing = 0;
		};
/* End PBXResourcesBuildPhase section */

/* Begin PBXSourcesBuildPhase section */
		68DDB09E261953E200BC9D82 /* Sources */ = {
			isa = PBXSourcesBuildPhase;
			buildActionMask = 2147483647;
			files = (
				68DDB0A7261953E200BC9D82 /* DevoteWidget.swift in Sources */,
				68DDB0B62619568700BC9D82 /* Constant.swift in Sources */,
			);
			runOnlyForDeploymentPostprocessing = 0;
		};
		68F1340825E04AAB00BECDA9 /* Sources */ = {
			isa = PBXSourcesBuildPhase;
			buildActionMask = 2147483647;
			files = (
				68E57417260BA6DD00F74760 /* SoundPlayer.swift in Sources */,
				68A71C4D26058AA00083F401 /* Constant.swift in Sources */,
				68A71C5926058BEA0083F401 /* BlankView.swift in Sources */,
				68F1341925E04AB100BECDA9 /* Persistence.swift in Sources */,
				68A71C5526058BBA0083F401 /* BackgroundImageView.swift in Sources */,
				6880B1E525F7EF4200EE521D /* HideKeyboardExtension.swift in Sources */,
				68F1341225E04AAB00BECDA9 /* ContentView.swift in Sources */,
				68A71C6126058C0D0083F401 /* NewTaskItemView.swift in Sources */,
				68A71C5D26058C040083F401 /* ListRowItemView.swift in Sources */,
				68F1341C25E04AB100BECDA9 /* Devote.xcdatamodeld in Sources */,
				68A71C5126058B270083F401 /* CheckboxStyle.swift in Sources */,
				68F1341025E04AAB00BECDA9 /* DevoteApp.swift in Sources */,
			);
			runOnlyForDeploymentPostprocessing = 0;
		};
/* End PBXSourcesBuildPhase section */

/* Begin PBXTargetDependency section */
		68DDB0AC261953E600BC9D82 /* PBXTargetDependency */ = {
			isa = PBXTargetDependency;
			target = 68DDB0A1261953E200BC9D82 /* DevoteWidgetExtension */;
			targetProxy = 68DDB0AB261953E600BC9D82 /* PBXContainerItemProxy */;
		};
/* End PBXTargetDependency section */

/* Begin XCBuildConfiguration section */
		68DDB0AF261953E600BC9D82 /* Debug */ = {
			isa = XCBuildConfiguration;
			buildSettings = {
				ASSETCATALOG_COMPILER_GLOBAL_ACCENT_COLOR_NAME = AccentColor;
				ASSETCATALOG_COMPILER_WIDGET_BACKGROUND_COLOR_NAME = WidgetBackground;
				CODE_SIGN_STYLE = Automatic;
				DEVELOPMENT_TEAM = MGZ4LAUPV7;
				INFOPLIST_FILE = DevoteWidget/Info.plist;
				LD_RUNPATH_SEARCH_PATHS = (
					"$(inherited)",
					"@executable_path/Frameworks",
					"@executable_path/../../Frameworks",
				);
				PRODUCT_BUNDLE_IDENTIFIER = com.TechMaster.Devote.DevoteWidget;
				PRODUCT_NAME = "$(TARGET_NAME)";
				SKIP_INSTALL = YES;
				SWIFT_VERSION = 5.0;
				TARGETED_DEVICE_FAMILY = "1,2";
			};
			name = Debug;
		};
		68DDB0B0261953E600BC9D82 /* Release */ = {
			isa = XCBuildConfiguration;
			buildSettings = {
				ASSETCATALOG_COMPILER_GLOBAL_ACCENT_COLOR_NAME = AccentColor;
				ASSETCATALOG_COMPILER_WIDGET_BACKGROUND_COLOR_NAME = WidgetBackground;
				CODE_SIGN_STYLE = Automatic;
				DEVELOPMENT_TEAM = MGZ4LAUPV7;
				INFOPLIST_FILE = DevoteWidget/Info.plist;
				LD_RUNPATH_SEARCH_PATHS = (
					"$(inherited)",
					"@executable_path/Frameworks",
					"@executable_path/../../Frameworks",
				);
				PRODUCT_BUNDLE_IDENTIFIER = com.TechMaster.Devote.DevoteWidget;
				PRODUCT_NAME = "$(TARGET_NAME)";
				SKIP_INSTALL = YES;
				SWIFT_VERSION = 5.0;
				TARGETED_DEVICE_FAMILY = "1,2";
			};
			name = Release;
		};
		68F1341E25E04AB100BECDA9 /* Debug */ = {
			isa = XCBuildConfiguration;
			buildSettings = {
				ALWAYS_SEARCH_USER_PATHS = NO;
				CLANG_ANALYZER_NONNULL = YES;
				CLANG_ANALYZER_NUMBER_OBJECT_CONVERSION = YES_AGGRESSIVE;
				CLANG_CXX_LANGUAGE_STANDARD = "gnu++14";
				CLANG_CXX_LIBRARY = "libc++";
				CLANG_ENABLE_MODULES = YES;
				CLANG_ENABLE_OBJC_ARC = YES;
				CLANG_ENABLE_OBJC_WEAK = YES;
				CLANG_WARN_BLOCK_CAPTURE_AUTORELEASING = YES;
				CLANG_WARN_BOOL_CONVERSION = YES;
				CLANG_WARN_COMMA = YES;
				CLANG_WARN_CONSTANT_CONVERSION = YES;
				CLANG_WARN_DEPRECATED_OBJC_IMPLEMENTATIONS = YES;
				CLANG_WARN_DIRECT_OBJC_ISA_USAGE = YES_ERROR;
				CLANG_WARN_DOCUMENTATION_COMMENTS = YES;
				CLANG_WARN_EMPTY_BODY = YES;
				CLANG_WARN_ENUM_CONVERSION = YES;
				CLANG_WARN_INFINITE_RECURSION = YES;
				CLANG_WARN_INT_CONVERSION = YES;
				CLANG_WARN_NON_LITERAL_NULL_CONVERSION = YES;
				CLANG_WARN_OBJC_IMPLICIT_RETAIN_SELF = YES;
				CLANG_WARN_OBJC_LITERAL_CONVERSION = YES;
				CLANG_WARN_OBJC_ROOT_CLASS = YES_ERROR;
				CLANG_WARN_QUOTED_INCLUDE_IN_FRAMEWORK_HEADER = YES;
				CLANG_WARN_RANGE_LOOP_ANALYSIS = YES;
				CLANG_WARN_STRICT_PROTOTYPES = YES;
				CLANG_WARN_SUSPICIOUS_MOVE = YES;
				CLANG_WARN_UNGUARDED_AVAILABILITY = YES_AGGRESSIVE;
				CLANG_WARN_UNREACHABLE_CODE = YES;
				CLANG_WARN__DUPLICATE_METHOD_MATCH = YES;
				COPY_PHASE_STRIP = NO;
				DEBUG_INFORMATION_FORMAT = dwarf;
				ENABLE_STRICT_OBJC_MSGSEND = YES;
				ENABLE_TESTABILITY = YES;
				GCC_C_LANGUAGE_STANDARD = gnu11;
				GCC_DYNAMIC_NO_PIC = NO;
				GCC_NO_COMMON_BLOCKS = YES;
				GCC_OPTIMIZATION_LEVEL = 0;
				GCC_PREPROCESSOR_DEFINITIONS = (
					"DEBUG=1",
					"$(inherited)",
				);
				GCC_WARN_64_TO_32_BIT_CONVERSION = YES;
				GCC_WARN_ABOUT_RETURN_TYPE = YES_ERROR;
				GCC_WARN_UNDECLARED_SELECTOR = YES;
				GCC_WARN_UNINITIALIZED_AUTOS = YES_AGGRESSIVE;
				GCC_WARN_UNUSED_FUNCTION = YES;
				GCC_WARN_UNUSED_VARIABLE = YES;
				IPHONEOS_DEPLOYMENT_TARGET = 14.4;
				MTL_ENABLE_DEBUG_INFO = INCLUDE_SOURCE;
				MTL_FAST_MATH = YES;
				ONLY_ACTIVE_ARCH = YES;
				SDKROOT = iphoneos;
				SWIFT_ACTIVE_COMPILATION_CONDITIONS = DEBUG;
				SWIFT_OPTIMIZATION_LEVEL = "-Onone";
			};
			name = Debug;
		};
		68F1341F25E04AB100BECDA9 /* Release */ = {
			isa = XCBuildConfiguration;
			buildSettings = {
				ALWAYS_SEARCH_USER_PATHS = NO;
				CLANG_ANALYZER_NONNULL = YES;
				CLANG_ANALYZER_NUMBER_OBJECT_CONVERSION = YES_AGGRESSIVE;
				CLANG_CXX_LANGUAGE_STANDARD = "gnu++14";
				CLANG_CXX_LIBRARY = "libc++";
				CLANG_ENABLE_MODULES = YES;
				CLANG_ENABLE_OBJC_ARC = YES;
				CLANG_ENABLE_OBJC_WEAK = YES;
				CLANG_WARN_BLOCK_CAPTURE_AUTORELEASING = YES;
				CLANG_WARN_BOOL_CONVERSION = YES;
				CLANG_WARN_COMMA = YES;
				CLANG_WARN_CONSTANT_CONVERSION = YES;
				CLANG_WARN_DEPRECATED_OBJC_IMPLEMENTATIONS = YES;
				CLANG_WARN_DIRECT_OBJC_ISA_USAGE = YES_ERROR;
				CLANG_WARN_DOCUMENTATION_COMMENTS = YES;
				CLANG_WARN_EMPTY_BODY = YES;
				CLANG_WARN_ENUM_CONVERSION = YES;
				CLANG_WARN_INFINITE_RECURSION = YES;
				CLANG_WARN_INT_CONVERSION = YES;
				CLANG_WARN_NON_LITERAL_NULL_CONVERSION = YES;
				CLANG_WARN_OBJC_IMPLICIT_RETAIN_SELF = YES;
				CLANG_WARN_OBJC_LITERAL_CONVERSION = YES;
				CLANG_WARN_OBJC_ROOT_CLASS = YES_ERROR;
				CLANG_WARN_QUOTED_INCLUDE_IN_FRAMEWORK_HEADER = YES;
				CLANG_WARN_RANGE_LOOP_ANALYSIS = YES;
				CLANG_WARN_STRICT_PROTOTYPES = YES;
				CLANG_WARN_SUSPICIOUS_MOVE = YES;
				CLANG_WARN_UNGUARDED_AVAILABILITY = YES_AGGRESSIVE;
				CLANG_WARN_UNREACHABLE_CODE = YES;
				CLANG_WARN__DUPLICATE_METHOD_MATCH = YES;
				COPY_PHASE_STRIP = NO;
				DEBUG_INFORMATION_FORMAT = "dwarf-with-dsym";
				ENABLE_NS_ASSERTIONS = NO;
				ENABLE_STRICT_OBJC_MSGSEND = YES;
				GCC_C_LANGUAGE_STANDARD = gnu11;
				GCC_NO_COMMON_BLOCKS = YES;
				GCC_WARN_64_TO_32_BIT_CONVERSION = YES;
				GCC_WARN_ABOUT_RETURN_TYPE = YES_ERROR;
				GCC_WARN_UNDECLARED_SELECTOR = YES;
				GCC_WARN_UNINITIALIZED_AUTOS = YES_AGGRESSIVE;
				GCC_WARN_UNUSED_FUNCTION = YES;
				GCC_WARN_UNUSED_VARIABLE = YES;
				IPHONEOS_DEPLOYMENT_TARGET = 14.4;
				MTL_ENABLE_DEBUG_INFO = NO;
				MTL_FAST_MATH = YES;
				SDKROOT = iphoneos;
				SWIFT_COMPILATION_MODE = wholemodule;
				SWIFT_OPTIMIZATION_LEVEL = "-O";
				VALIDATE_PRODUCT = YES;
			};
			name = Release;
		};
		68F1342125E04AB100BECDA9 /* Debug */ = {
			isa = XCBuildConfiguration;
			buildSettings = {
				ALWAYS_EMBED_SWIFT_STANDARD_LIBRARIES = YES;
				ASSETCATALOG_COMPILER_APPICON_NAME = AppIcon;
				ASSETCATALOG_COMPILER_GLOBAL_ACCENT_COLOR_NAME = AccentColor;
				CODE_SIGN_STYLE = Automatic;
				DEVELOPMENT_ASSET_PATHS = "\"Devote/Preview Content\"";
				DEVELOPMENT_TEAM = MGZ4LAUPV7;
				ENABLE_PREVIEWS = YES;
				INFOPLIST_FILE = Devote/Info.plist;
				IPHONEOS_DEPLOYMENT_TARGET = 14.0;
				LD_RUNPATH_SEARCH_PATHS = (
					"$(inherited)",
					"@executable_path/Frameworks",
				);
				PRODUCT_BUNDLE_IDENTIFIER = com.TechMaster.Devote;
				PRODUCT_NAME = "$(TARGET_NAME)";
				SWIFT_VERSION = 5.0;
				TARGETED_DEVICE_FAMILY = "1,2";
			};
			name = Debug;
		};
		68F1342225E04AB100BECDA9 /* Release */ = {
			isa = XCBuildConfiguration;
			buildSettings = {
				ALWAYS_EMBED_SWIFT_STANDARD_LIBRARIES = YES;
				ASSETCATALOG_COMPILER_APPICON_NAME = AppIcon;
				ASSETCATALOG_COMPILER_GLOBAL_ACCENT_COLOR_NAME = AccentColor;
				CODE_SIGN_STYLE = Automatic;
				DEVELOPMENT_ASSET_PATHS = "\"Devote/Preview Content\"";
				DEVELOPMENT_TEAM = MGZ4LAUPV7;
				ENABLE_PREVIEWS = YES;
				INFOPLIST_FILE = Devote/Info.plist;
				IPHONEOS_DEPLOYMENT_TARGET = 14.0;
				LD_RUNPATH_SEARCH_PATHS = (
					"$(inherited)",
					"@executable_path/Frameworks",
				);
				PRODUCT_BUNDLE_IDENTIFIER = com.TechMaster.Devote;
				PRODUCT_NAME = "$(TARGET_NAME)";
				SWIFT_VERSION = 5.0;
				TARGETED_DEVICE_FAMILY = "1,2";
			};
			name = Release;
		};
/* End XCBuildConfiguration section */

/* Begin XCConfigurationList section */
		68DDB0AE261953E600BC9D82 /* Build configuration list for PBXNativeTarget "DevoteWidgetExtension" */ = {
			isa = XCConfigurationList;
			buildConfigurations = (
				68DDB0AF261953E600BC9D82 /* Debug */,
				68DDB0B0261953E600BC9D82 /* Release */,
			);
			defaultConfigurationIsVisible = 0;
			defaultConfigurationName = Release;
		};
		68F1340725E04AAB00BECDA9 /* Build configuration list for PBXProject "Devote" */ = {
			isa = XCConfigurationList;
			buildConfigurations = (
				68F1341E25E04AB100BECDA9 /* Debug */,
				68F1341F25E04AB100BECDA9 /* Release */,
			);
			defaultConfigurationIsVisible = 0;
			defaultConfigurationName = Release;
		};
		68F1342025E04AB100BECDA9 /* Build configuration list for PBXNativeTarget "Devote" */ = {
			isa = XCConfigurationList;
			buildConfigurations = (
				68F1342125E04AB100BECDA9 /* Debug */,
				68F1342225E04AB100BECDA9 /* Release */,
			);
			defaultConfigurationIsVisible = 0;
			defaultConfigurationName = Release;
		};
/* End XCConfigurationList section */

/* Begin XCVersionGroup section */
		68F1341A25E04AB100BECDA9 /* Devote.xcdatamodeld */ = {
			isa = XCVersionGroup;
			children = (
				68F1341B25E04AB100BECDA9 /* Devote.xcdatamodel */,
			);
			currentVersion = 68F1341B25E04AB100BECDA9 /* Devote.xcdatamodel */;
			path = Devote.xcdatamodeld;
			sourceTree = "<group>";
			versionGroupType = wrapper.xcdatamodel;
		};
/* End XCVersionGroup section */
	};
	rootObject = 68F1340425E04AAB00BECDA9 /* Project object */;
}
